
Microsoft Visual Studio Solution File, Format Version 10.00
# Visual Studio 2008
Project("{FAE04EC0-301F-11D3-BF4B-00C04F79EFBC}") = "frontend_3_5", "frontend_3_5\frontend_3_5.csproj", "{810FF62E-6F07-49F3-9FCC-7B67F9A90B01}"
EndProject
Project("{FAE04EC0-301F-11D3-BF4B-00C04F79EFBC}") = "biztalk", "biztalk\biztalk.csproj", "{D79A4DD2-AC3F-469F-97E8-457A1C3F0174}"
EndProject
Project("{FAE04EC0-301F-11D3-BF4B-00C04F79EFBC}") = "biztalk_console", "biztalk_console\biztalk_console.csproj", "{1AF429BE-11C0-403E-A3FA-6A0F956FB0A9}"
EndProject
Global
	GlobalSection(SolutionConfigurationPlatforms) = preSolution
		Debug|Any CPU = Debug|Any CPU
		Release|Any CPU = Release|Any CPU
	EndGlobalSection
	GlobalSection(ProjectConfigurationPlatforms) = postSolution
		{810FF62E-6F07-49F3-9FCC-7B67F9A90B01}.Debug|Any CPU.ActiveCfg = Debug|Any CPU
		{810FF62E-6F07-49F3-9FCC-7B67F9A90B01}.Debug|Any CPU.Build.0 = Debug|Any CPU
		{810FF62E-6F07-49F3-9FCC-7B67F9A90B01}.Release|Any CPU.ActiveCfg = Release|Any CPU
		{810FF62E-6F07-49F3-9FCC-7B67F9A90B01}.Release|Any CPU.Build.0 = Release|Any CPU
		{D79A4DD2-AC3F-469F-97E8-457A1C3F0174}.Debug|Any CPU.ActiveCfg = Debug|Any CPU
		{D79A4DD2-AC3F-469F-97E8-457A1C3F0174}.Debug|Any CPU.Build.0 = Debug|Any CPU
		{D79A4DD2-AC3F-469F-97E8-457A1C3F0174}.Release|Any CPU.ActiveCfg = Release|Any CPU
		{D79A4DD2-AC3F-469F-97E8-457A1C3F0174}.Release|Any CPU.Build.0 = Release|Any CPU
		{1AF429BE-11C0-403E-A3FA-6A0F956FB0A9}.Debug|Any CPU.ActiveCfg = Debug|Any CPU
		{1AF429BE-11C0-403E-A3FA-6A0F956FB0A9}.Debug|Any CPU.Build.0 = Debug|Any CPU
		{1AF429BE-11C0-403E-A3FA-6A0F956FB0A9}.Release|Any CPU.ActiveCfg = Release|Any CPU
		{1AF429BE-11C0-403E-A3FA-6A0F956FB0A9}.Release|Any CPU.Build.0 = Release|Any CPU
	EndGlobalSection
	GlobalSection(SolutionProperties) = preSolution
		HideSolutionNode = FALSE
	EndGlobalSection
EndGlobal
